{
  "name": "minimarkdown",
  "version": "0.1.0",
  "lockfileVersion": 3,
  "requires": true,
  "packages": {
    "": {
      "name": "minimarkdown",
      "version": "0.1.0",
      "license": "MIT",
      "dependencies": {
        "saxes": "^6.0.0",
        "yauzl": "^3.2.0"
      },
      "bin": {
        "minimarkdown": "dist/cli.js"
      },
      "devDependencies": {
        "@types/node": "^20.0.0",
        "@types/yauzl": "^2.10.3",
        "@types/yazl": "^2.4.5",
        "typescript": "^5.9.0",
        "yazl": "^3.3.1"
      },
      "engines": {
        "node": ">=20"
      }
    },
    "node_modules/@types/node": {
      "version": "20.19.43",
      "resolved": "https://registry.npmjs.org/@types/node/-/node-20.19.43.tgz",
      "integrity": "sha512-6oYBAi5ikg4Pl+kGsoYtawUMBT2zZMCvPNF7pVLnHZfd1zf38DRiWn/gT01RYCdUqkv7Fhr+C9ot4/tb+2sVvA==",
      "dev": true,
      "dependencies": {
        "undici-types": "~6.21.0"
      }
    },
    "node_modules/@types/yauzl": {
      "version": "2.10.3",
      "resolved": "https://registry.npmjs.org/@types/yauzl/-/yauzl-2.10.3.tgz",
      "integrity": "sha512-oJoftv0LSuaDZE3Le4DbKX+KS9G36NzOeSap90UIK0yMA/NhKJhqlSGtNDORNRaIbQfzjXDrQa0ytJ6mNRGz/Q==",
      "dev": true,
      "dependencies": {
        "@types/node": "*"
      }
    },
    "node_modules/@types/yazl": {
      "version": "2.4.6",
      "resolved": "https://registry.npmjs.org/@types/yazl/-/yazl-2.4.6.tgz",
      "integrity": "sha512-/ifFjQtcKaoZOjl5NNCQRR0fAKafB3Foxd7J/WvFPTMea46zekapcR30uzkwIkKAAuq5T6d0dkwz754RFH27hg==",
      "dev": true,
      "dependencies": {
        "@types/node": "*"
      }
    },
    "node_modules/buffer-crc32": {
      "version": "1.0.0",
      "resolved": "https://registry.npmjs.org/buffer-crc32/-/buffer-crc32-1.0.0.tgz",
      "integrity": "sha512-Db1SbgBS/fg/392AblrMJk97KggmvYhr4pB5ZIMTWtaivCPMWLkmb7m21cJvpvgK+J3nsU2CmmixNBZx4vFj/w==",
      "dev": true,
      "engines": {
        "node": ">=8.0.0"
      }
    },
    "node_modules/pend": {
      "version": "1.2.0",
      "resolved": "https://registry.npmjs.org/pend/-/pend-1.2.0.tgz",
      "integrity": "sha512-F3asv42UuXchdzt+xXqfW1OGlVBe+mxa2mqI0pg5yAHZPvFmY3Y6drSf/GQ1A86WgWEN9Kzh/WrgKa6iGcHXLg=="
    },
    "node_modules/saxes": {
      "version": "6.0.0",
      "resolved": "https://registry.npmjs.org/saxes/-/saxes-6.0.0.tgz",
      "integrity": "sha512-xAg7SOnEhrm5zI3puOOKyy1OMcMlIJZYNJY7xLBwSze0UjhPLnWfj2GF2EpT0jmzaJKIWKHLsaSSajf35bcYnA==",
      "dependencies": {
        "xmlchars": "^2.2.0"
      },
      "engines": {
        "node": ">=v12.22.7"
      }
    },
    "node_modules/typescript": {
      "version": "5.9.3",
      "resolved": "https://registry.npmjs.org/typescript/-/typescript-5.9.3.tgz",
      "integrity": "sha512-jl1vZzPDinLr9eUt3J/t7V6FgNEw9QjvBPdysz9KfQDD41fQrC2Y4vKQdiaUpFT4bXlb1RHhLpp8wtm6M5TgSw==",
      "dev": true,
      "bin": {
        "tsc": "bin/tsc",
        "tsserver": "bin/tsserver"
      },
      "engines": {
        "node": ">=14.17"
      }
    },
    "node_modules/undici-types": {
      "version": "6.21.0",
      "resolved": "https://registry.npmjs.org/undici-types/-/undici-types-6.21.0.tgz",
      "integrity": "sha512-iwDZqg0QAGrg9Rav5H4n0M64c3mkR59cJ6wQp+7C4nI0gsmExaedaYLNO44eT4AtBBwjbTiGPMlt2Md0T9H9JQ==",
      "dev": true
    },
    "node_modules/xmlchars": {
      "version": "2.2.0",
      "resolved": "https://registry.npmjs.org/xmlchars/-/xmlchars-2.2.0.tgz",
      "integrity": "sha512-JZnDKK8B0RCDw84FNdDAIpZK+JuJw+s7Lz8nksI7SIuU3UXJJslUthsi+uWBUYOwPFwW7W7PRLRfUKpxjtjFCw=="
    },
    "node_modules/yauzl": {
      "version": "3.4.0",
      "resolved": "https://registry.npmjs.org/yauzl/-/yauzl-3.4.0.tgz",
      "integrity": "sha512-jIH9yLR9wqr0wOS0TpBvo/g/2UgZH5qePVbjgRliiF0BYvOZyaBknKsF+x9Iht0O6sqgnB93rCICdOZFecJuDw==",
      "dependencies": {
        "pend": "~1.2.0"
      },
      "engines": {
        "node": ">=12"
      }
    },
    "node_modules/yazl": {
      "version": "3.3.1",
      "resolved": "https://registry.npmjs.org/yazl/-/yazl-3.3.1.tgz",
      "integrity": "sha512-BbETDVWG+VcMUle37k5Fqp//7SDOK2/1+T7X8TD96M3D9G8jK5VLUdQVdVjGi8im7FGkazX7kk5hkU8X4L5Bng==",
      "dev": true,
      "dependencies": {
        "buffer-crc32": "^1.0.0"
      }
    }
  }
}
